
Microsoft Visual Studio Solution File, Format Version 12.00
# Visual Studio Version 16
VisualStudioVersion = 16.0.29728.190
MinimumVisualStudioVersion = 10.0.40219.1
Project("{FAE04EC0-301F-11D3-BF4B-00C04F79EFBC}") = "DatabaseUtilities", "DatabaseUtilities\DatabaseUtilities.csproj", "{7215286C-71DC-4B37-89F8-A4564B27F115}"
EndProject
Global
	GlobalSection(SolutionConfigurationPlatforms) = preSolution
		Debug|Any CPU = Debug|Any CPU
		Release|Any CPU = Release|Any CPU
	EndGlobalSection
	GlobalSection(ProjectConfigurationPlatforms) = postSolution
		{7215286C-71DC-4B37-89F8-A4564B27F115}.Debug|Any CPU.ActiveCfg = Debug|Any CPU
		{7215286C-71DC-4B37-89F8-A4564B27F115}.Debug|Any CPU.Build.0 = Debug|Any CPU
		{7215286C-71DC-4B37-89F8-A4564B27F115}.Release|Any CPU.ActiveCfg = Release|Any CPU
		{7215286C-71DC-4B37-89F8-A4564B27F115}.Release|Any CPU.Build.0 = Release|Any CPU
	EndGlobalSection
	GlobalSection(SolutionProperties) = preSolution
		HideSolutionNode = FALSE
	EndGlobalSection
	GlobalSection(ExtensibilityGlobals) = postSolution
		SolutionGuid = {1089D091-09C6-4FCF-A7B1-D87E123E927F}
	EndGlobalSection
EndGlobal
